
Microsoft Visual Studio Solution File, Format Version 12.00
# Visual Studio Version 16
VisualStudioVersion = 16.0.29613.14
MinimumVisualStudioVersion = 10.0.40219.1
Project("{9A19103F-16F7-4668-BE54-9A1E7A4F7556}") = "webapi", "webapi\webapi.csproj", "{3F09B3CD-ECC3-4070-B0C5-B2132EAC1206}"
EndProject
Project("{9A19103F-16F7-4668-BE54-9A1E7A4F7556}") = "WF", "WF\WF.csproj", "{647FD726-06CB-48F4-8492-ECB78A702D48}"
EndProject
Project("{9A19103F-16F7-4668-BE54-9A1E7A4F7556}") = "BL", "BL\BL.csproj", "{4521CB9B-76CF-4251-A46E-237BE4CABCEC}"
EndProject
Project("{9A19103F-16F7-4668-BE54-9A1E7A4F7556}") = "DAL", "DAL\DAL.csproj", "{332AE91C-E3AE-4D0F-91E2-7F78BF67F6C2}"
EndProject
Project("{9A19103F-16F7-4668-BE54-9A1E7A4F7556}") = "DM", "DM\DM.csproj", "{D5792A43-6BFB-404E-88F3-A65AF06518A2}"
EndProject
Project("{9A19103F-16F7-4668-BE54-9A1E7A4F7556}") = "Tester", "Tester\Tester.csproj", "{5AE086AD-5BF4-4993-A893-DBAC091B494A}"
EndProject
Project("{2150E333-8FDC-42A3-9474-1A3956D46DE8}") = "Solution Items", "Solution Items", "{CDE73698-C2C4-440C-8EC2-CB7A49FD65C5}"
	ProjectSection(SolutionItems) = preProject
		.editorconfig = .editorconfig
	EndProjectSection
EndProject
Project("{9A19103F-16F7-4668-BE54-9A1E7A4F7556}") = "Common", "Common\Common.csproj", "{A52516CE-D88A-473F-B1EB-BC6A510D9CEC}"
EndProject
Project("{9A19103F-16F7-4668-BE54-9A1E7A4F7556}") = "Algorithms", "Algorithms\Algorithms.csproj", "{99FD7B84-0476-48FB-8D6A-7A223B8E6C9D}"
EndProject
Global
	GlobalSection(SolutionConfigurationPlatforms) = preSolution
		Debug|Any CPU = Debug|Any CPU
		Release|Any CPU = Release|Any CPU
	EndGlobalSection
	GlobalSection(ProjectConfigurationPlatforms) = postSolution
		{3F09B3CD-ECC3-4070-B0C5-B2132EAC1206}.Debug|Any CPU.ActiveCfg = Debug|Any CPU
		{3F09B3CD-ECC3-4070-B0C5-B2132EAC1206}.Debug|Any CPU.Build.0 = Debug|Any CPU
		{3F09B3CD-ECC3-4070-B0C5-B2132EAC1206}.Release|Any CPU.ActiveCfg = Release|Any CPU
		{3F09B3CD-ECC3-4070-B0C5-B2132EAC1206}.Release|Any CPU.Build.0 = Release|Any CPU
		{647FD726-06CB-48F4-8492-ECB78A702D48}.Debug|Any CPU.ActiveCfg = Debug|Any CPU
		{647FD726-06CB-48F4-8492-ECB78A702D48}.Debug|Any CPU.Build.0 = Debug|Any CPU
		{647FD726-06CB-48F4-8492-ECB78A702D48}.Release|Any CPU.ActiveCfg = Release|Any CPU
		{647FD726-06CB-48F4-8492-ECB78A702D48}.Release|Any CPU.Build.0 = Release|Any CPU
		{4521CB9B-76CF-4251-A46E-237BE4CABCEC}.Debug|Any CPU.ActiveCfg = Debug|Any CPU
		{4521CB9B-76CF-4251-A46E-237BE4CABCEC}.Debug|Any CPU.Build.0 = Debug|Any CPU
		{4521CB9B-76CF-4251-A46E-237BE4CABCEC}.Release|Any CPU.ActiveCfg = Release|Any CPU
		{4521CB9B-76CF-4251-A46E-237BE4CABCEC}.Release|Any CPU.Build.0 = Release|Any CPU
		{332AE91C-E3AE-4D0F-91E2-7F78BF67F6C2}.Debug|Any CPU.ActiveCfg = Debug|Any CPU
		{332AE91C-E3AE-4D0F-91E2-7F78BF67F6C2}.Debug|Any CPU.Build.0 = Debug|Any CPU
		{332AE91C-E3AE-4D0F-91E2-7F78BF67F6C2}.Release|Any CPU.ActiveCfg = Release|Any CPU
		{332AE91C-E3AE-4D0F-91E2-7F78BF67F6C2}.Release|Any CPU.Build.0 = Release|Any CPU
		{D5792A43-6BFB-404E-88F3-A65AF06518A2}.Debug|Any CPU.ActiveCfg = Debug|Any CPU
		{D5792A43-6BFB-404E-88F3-A65AF06518A2}.Debug|Any CPU.Build.0 = Debug|Any CPU
		{D5792A43-6BFB-404E-88F3-A65AF06518A2}.Release|Any CPU.ActiveCfg = Release|Any CPU
		{D5792A43-6BFB-404E-88F3-A65AF06518A2}.Release|Any CPU.Build.0 = Release|Any CPU
		{5AE086AD-5BF4-4993-A893-DBAC091B494A}.Debug|Any CPU.ActiveCfg = Debug|Any CPU
		{5AE086AD-5BF4-4993-A893-DBAC091B494A}.Debug|Any CPU.Build.0 = Debug|Any CPU
		{5AE086AD-5BF4-4993-A893-DBAC091B494A}.Release|Any CPU.ActiveCfg = Release|Any CPU
		{5AE086AD-5BF4-4993-A893-DBAC091B494A}.Release|Any CPU.Build.0 = Release|Any CPU
		{A52516CE-D88A-473F-B1EB-BC6A510D9CEC}.Debug|Any CPU.ActiveCfg = Debug|Any CPU
		{A52516CE-D88A-473F-B1EB-BC6A510D9CEC}.Debug|Any CPU.Build.0 = Debug|Any CPU
		{A52516CE-D88A-473F-B1EB-BC6A510D9CEC}.Release|Any CPU.ActiveCfg = Release|Any CPU
		{A52516CE-D88A-473F-B1EB-BC6A510D9CEC}.Release|Any CPU.Build.0 = Release|Any CPU
		{99FD7B84-0476-48FB-8D6A-7A223B8E6C9D}.Debug|Any CPU.ActiveCfg = Debug|Any CPU
		{99FD7B84-0476-48FB-8D6A-7A223B8E6C9D}.Debug|Any CPU.Build.0 = Debug|Any CPU
		{99FD7B84-0476-48FB-8D6A-7A223B8E6C9D}.Release|Any CPU.ActiveCfg = Release|Any CPU
		{99FD7B84-0476-48FB-8D6A-7A223B8E6C9D}.Release|Any CPU.Build.0 = Release|Any CPU
	EndGlobalSection
	GlobalSection(SolutionProperties) = preSolution
		HideSolutionNode = FALSE
	EndGlobalSection
	GlobalSection(ExtensibilityGlobals) = postSolution
		SolutionGuid = {3A2E010B-8E89-42C5-A36B-5FE0D214B056}
	EndGlobalSection
EndGlobal
